
Microsoft Visual Studio Solution File, Format Version 12.00
# Visual Studio 15
VisualStudioVersion = 15.0.27004.2008
MinimumVisualStudioVersion = 10.0.40219.1
Project("{8BC9CEB8-8B4A-11D0-8D11-00A0C91BC942}") = "gamex86", "game.vcxproj", "{74E33795-6B53-44F0-BBB6-3EB5E7CC1D4F}"
EndProject
Global
	GlobalSection(SolutionConfigurationPlatforms) = preSolution
		Debug|x86 = Debug|x86
		Release|x86 = Release|x86
	EndGlobalSection
	GlobalSection(ProjectConfigurationPlatforms) = postSolution
		{74E33795-6B53-44F0-BBB6-3EB5E7CC1D4F}.Debug|x86.ActiveCfg = Release|Win32
		{74E33795-6B53-44F0-BBB6-3EB5E7CC1D4F}.Debug|x86.Build.0 = Release|Win32
		{74E33795-6B53-44F0-BBB6-3EB5E7CC1D4F}.Release|x86.ActiveCfg = Release|Win32
		{74E33795-6B53-44F0-BBB6-3EB5E7CC1D4F}.Release|x86.Build.0 = Release|Win32
	EndGlobalSection
	GlobalSection(SolutionProperties) = preSolution
		HideSolutionNode = FALSE
	EndGlobalSection
	GlobalSection(ExtensibilityGlobals) = postSolution
		SolutionGuid = {39FFEFF0-6441-43F7-ACA2-7FE5AD72E898}
	EndGlobalSection
EndGlobal
